version = 1
requires-python = "==3.8.20"

[[package]]
name = "carla"
version = "0.9.15"
source = { registry = "https://pypi.org/simple" }
wheels = [
    { url = "https://files.pythonhosted.org/packages/30/ad/f4062a30332115eb1d2271875c03724fec7e27c3ff086c030aa930ba4cf9/carla-0.9.15-cp38-cp38-manylinux_2_27_x86_64.whl", hash = "sha256:19a269511d31cd6ca47cc46297afbcc93be659ba0af852c244e3cadf55086d95", size = 31894606 },
    { url = "https://files.pythonhosted.org/packages/cc/db/29c04d94148515961932218984cdc7f69e462a54b2440555447f5e10353a/carla-0.9.15-cp38-cp38-win_amd64.whl", hash = "sha256:dc597b6a91b819b54afd5f1c32d401f066ce77676a0359b7470055d9bab95954", size = 4872262 },
]

[[package]]
name = "colorama"
version = "0.4.6"
source = { registry = "https://pypi.org/simple" }
sdist = { url = "https://files.pythonhosted.org/packages/d8/53/6f443c9a4a8358a93a6792e2acffb9d9d5cb0a5cfd8802644b7b1c9a02e4/colorama-0.4.6.tar.gz", hash = "sha256:08695f5cb7ed6e0531a20572697297273c47b8cae5a63ffc6d6ed5c201be6e44", size = 27697 }
wheels = [
    { url = "https://files.pythonhosted.org/packages/d1/d6/3965ed04c63042e047cb6a3e6ed1a63a35087b6a609aa3a15ed8ac56c221/colorama-0.4.6-py2.py3-none-any.whl", hash = "sha256:4f1d9991f5acc0ca119f9d443620b77f9d6b33703e51011c16baf57afb285fc6", size = 25335 },
]

[[package]]
name = "dai"
version = "0.1.0"
source = { virtual = "." }
dependencies = [
    { name = "carla" },
    { name = "numpy" },
    { name = "pygame" },
]

[package.dev-dependencies]
dev = [
    { name = "pytest" },
]

[package.metadata]
requires-dist = [
    { name = "carla", specifier = ">=0.9.15" },
    { name = "numpy", specifier = ">=1.24.4" },
    { name = "pygame", specifier = ">=2.6.1" },
]

[package.metadata.requires-dev]
dev = [{ name = "pytest", specifier = ">=8.3.3" }]

[[package]]
name = "exceptiongroup"
version = "1.2.2"
source = { registry = "https://pypi.org/simple" }
sdist = { url = "https://files.pythonhosted.org/packages/09/35/2495c4ac46b980e4ca1f6ad6db102322ef3ad2410b79fdde159a4b0f3b92/exceptiongroup-1.2.2.tar.gz", hash = "sha256:47c2edf7c6738fafb49fd34290706d1a1a2f4d1c6df275526b62cbb4aa5393cc", size = 28883 }
wheels = [
    { url = "https://files.pythonhosted.org/packages/02/cc/b7e31358aac6ed1ef2bb790a9746ac2c69bcb3c8588b41616914eb106eaf/exceptiongroup-1.2.2-py3-none-any.whl", hash = "sha256:3111b9d131c238bec2f8f516e123e14ba243563fb135d3fe885990585aa7795b", size = 16453 },
]

[[package]]
name = "iniconfig"
version = "2.0.0"
source = { registry = "https://pypi.org/simple" }
sdist = { url = "https://files.pythonhosted.org/packages/d7/4b/cbd8e699e64a6f16ca3a8220661b5f83792b3017d0f79807cb8708d33913/iniconfig-2.0.0.tar.gz", hash = "sha256:2d91e135bf72d31a410b17c16da610a82cb55f6b0477d1a902134b24a455b8b3", size = 4646 }
wheels = [
    { url = "https://files.pythonhosted.org/packages/ef/a6/62565a6e1cf69e10f5727360368e451d4b7f58beeac6173dc9db836a5b46/iniconfig-2.0.0-py3-none-any.whl", hash = "sha256:b6a85871a79d2e3b22d2d1b94ac2824226a63c6b741c88f7ae975f18b6778374", size = 5892 },
]

[[package]]
name = "numpy"
version = "1.24.4"
source = { registry = "https://pypi.org/simple" }
sdist = { url = "https://files.pythonhosted.org/packages/a4/9b/027bec52c633f6556dba6b722d9a0befb40498b9ceddd29cbe67a45a127c/numpy-1.24.4.tar.gz", hash = "sha256:80f5e3a4e498641401868df4208b74581206afbee7cf7b8329daae82676d9463", size = 10911229 }
wheels = [
    { url = "https://files.pythonhosted.org/packages/11/10/943cfb579f1a02909ff96464c69893b1d25be3731b5d3652c2e0cf1281ea/numpy-1.24.4-cp38-cp38-macosx_10_9_x86_64.whl", hash = "sha256:1452241c290f3e2a312c137a9999cdbf63f78864d63c79039bda65ee86943f61", size = 19780722 },
    { url = "https://files.pythonhosted.org/packages/a7/ae/f53b7b265fdc701e663fbb322a8e9d4b14d9cb7b2385f45ddfabfc4327e4/numpy-1.24.4-cp38-cp38-macosx_11_0_arm64.whl", hash = "sha256:04640dab83f7c6c85abf9cd729c5b65f1ebd0ccf9de90b270cd61935eef0197f", size = 13843102 },
    { url = "https://files.pythonhosted.org/packages/25/6f/2586a50ad72e8dbb1d8381f837008a0321a3516dfd7cb57fc8cf7e4bb06b/numpy-1.24.4-cp38-cp38-manylinux_2_17_aarch64.manylinux2014_aarch64.whl", hash = "sha256:a5425b114831d1e77e4b5d812b69d11d962e104095a5b9c3b641a218abcc050e", size = 14039616 },
    { url = "https://files.pythonhosted.org/packages/98/5d/5738903efe0ecb73e51eb44feafba32bdba2081263d40c5043568ff60faf/numpy-1.24.4-cp38-cp38-manylinux_2_17_x86_64.manylinux2014_x86_64.whl", hash = "sha256:dd80e219fd4c71fc3699fc1dadac5dcf4fd882bfc6f7ec53d30fa197b8ee22dc", size = 17316263 },
    { url = "https://files.pythonhosted.org/packages/d1/57/8d328f0b91c733aa9aa7ee540dbc49b58796c862b4fbcb1146c701e888da/numpy-1.24.4-cp38-cp38-win32.whl", hash = "sha256:4602244f345453db537be5314d3983dbf5834a9701b7723ec28923e2889e0bb2", size = 12455660 },
    { url = "https://files.pythonhosted.org/packages/69/65/0d47953afa0ad569d12de5f65d964321c208492064c38fe3b0b9744f8d44/numpy-1.24.4-cp38-cp38-win_amd64.whl", hash = "sha256:692f2e0f55794943c5bfff12b3f56f99af76f902fc47487bdfe97856de51a706", size = 14868112 },
    { url = "https://files.pythonhosted.org/packages/a4/fd/8dff40e25e937c94257455c237b9b6bf5a30d42dd1cc11555533be099492/numpy-1.24.4-pp38-pypy38_pp73-macosx_10_9_x86_64.whl", hash = "sha256:31f13e25b4e304632a4619d0e0777662c2ffea99fcae2029556b17d8ff958aef", size = 19156590 },
    { url = "https://files.pythonhosted.org/packages/42/e7/4bf953c6e05df90c6d351af69966384fed8e988d0e8c54dad7103b59f3ba/numpy-1.24.4-pp38-pypy38_pp73-manylinux_2_17_x86_64.manylinux2014_x86_64.whl", hash = "sha256:95f7ac6540e95bc440ad77f56e520da5bf877f87dca58bd095288dce8940532a", size = 16705744 },
    { url = "https://files.pythonhosted.org/packages/fc/dd/9106005eb477d022b60b3817ed5937a43dad8fd1f20b0610ea8a32fcb407/numpy-1.24.4-pp38-pypy38_pp73-win_amd64.whl", hash = "sha256:e98f220aa76ca2a977fe435f5b04d7b3470c0a2e6312907b37ba6068f26787f2", size = 14734290 },
]

[[package]]
name = "packaging"
version = "24.2"
source = { registry = "https://pypi.org/simple" }
sdist = { url = "https://files.pythonhosted.org/packages/d0/63/68dbb6eb2de9cb10ee4c9c14a0148804425e13c4fb20d61cce69f53106da/packaging-24.2.tar.gz", hash = "sha256:c228a6dc5e932d346bc5739379109d49e8853dd8223571c7c5b55260edc0b97f", size = 163950 }
wheels = [
    { url = "https://files.pythonhosted.org/packages/88/ef/eb23f262cca3c0c4eb7ab1933c3b1f03d021f2c48f54763065b6f0e321be/packaging-24.2-py3-none-any.whl", hash = "sha256:09abb1bccd265c01f4a3aa3f7a7db064b36514d2cba19a2f694fe6150451a759", size = 65451 },
]

[[package]]
name = "pluggy"
version = "1.5.0"
source = { registry = "https://pypi.org/simple" }
sdist = { url = "https://files.pythonhosted.org/packages/96/2d/02d4312c973c6050a18b314a5ad0b3210edb65a906f868e31c111dede4a6/pluggy-1.5.0.tar.gz", hash = "sha256:2cffa88e94fdc978c4c574f15f9e59b7f4201d439195c3715ca9e2486f1d0cf1", size = 67955 }
wheels = [
    { url = "https://files.pythonhosted.org/packages/88/5f/e351af9a41f866ac3f1fac4ca0613908d9a41741cfcf2228f4ad853b697d/pluggy-1.5.0-py3-none-any.whl", hash = "sha256:44e1ad92c8ca002de6377e165f3e0f1be63266ab4d554740532335b9d75ea669", size = 20556 },
]

[[package]]
name = "pygame"
version = "2.6.1"
source = { registry = "https://pypi.org/simple" }
sdist = { url = "https://files.pythonhosted.org/packages/49/cc/08bba60f00541f62aaa252ce0cfbd60aebd04616c0b9574f755b583e45ae/pygame-2.6.1.tar.gz", hash = "sha256:56fb02ead529cee00d415c3e007f75e0780c655909aaa8e8bf616ee09c9feb1f", size = 14808125 }
wheels = [
    { url = "https://files.pythonhosted.org/packages/7c/03/8a99bbe20925ea0e1fe77ccb4bbe0168f6f9d0fcf64d8f45f02e9bcfeb7d/pygame-2.6.1-cp38-cp38-macosx_10_9_x86_64.whl", hash = "sha256:97ac4e13847b6b293ecaffa5ffce9886c98d09c03309406931cc592f0cea6366", size = 12964830 },
    { url = "https://files.pythonhosted.org/packages/d2/50/caae48e97e3e9ac8970caf0763c373f4f70b5bc7827ef5f967fdff777da1/pygame-2.6.1-cp38-cp38-macosx_11_0_arm64.whl", hash = "sha256:d1a7f2b66ac2e4c9583b6d4c6d6f346fb10a3392c04163f537061f86a448ed5c", size = 12376818 },
    { url = "https://files.pythonhosted.org/packages/60/15/7cbb41f46678555c7aab6b49eddac38b23e426b1a4244af520b826bbcb57/pygame-2.6.1-cp38-cp38-manylinux_2_17_aarch64.manylinux2014_aarch64.whl", hash = "sha256:ac3f033d2be4a9e23660a96afe2986df3a6916227538a6a0061bc218c5088507", size = 13614577 },
    { url = "https://files.pythonhosted.org/packages/e1/0a/57dcdec74445f3fdf3d7dcc786ff38597592a458e8bbfc540aa8a6cb4ce2/pygame-2.6.1-cp38-cp38-manylinux_2_17_i686.manylinux2014_i686.whl", hash = "sha256:a1bf7ab5311bbced70320f1a56701650b4c18231343ae5af42111eea91e0949a", size = 14308698 },
    { url = "https://files.pythonhosted.org/packages/e8/3b/070a1bbac12a6914ea08a0b8f26bb349638233a56c111b5d4561f716f8f2/pygame-2.6.1-cp38-cp38-manylinux_2_17_x86_64.manylinux2014_x86_64.whl", hash = "sha256:21160d9093533eb831f1b708e630706e5ac16b30750571ec27bc3b8364814f38", size = 13982722 },
    { url = "https://files.pythonhosted.org/packages/af/9e/f4fd29d8a41ef19cbf573a1b0bafc4221aae78f610d307033e1250e1cca3/pygame-2.6.1-cp38-cp38-win32.whl", hash = "sha256:7bffdd3eaf394d9645331d1c3a5df9d782ebcc3c5a78f3b657c7879a828dd111", size = 10255798 },
    { url = "https://files.pythonhosted.org/packages/66/a8/503d52d2a4fe1463207b80661d3fe7793346e515f369abe2c3a6552fec11/pygame-2.6.1-cp38-cp38-win_amd64.whl", hash = "sha256:818b4eaec9c4acb6ac64805d4ca8edd4062bebca77bd815c18739fe2842c97e9", size = 10623008 },
    { url = "https://files.pythonhosted.org/packages/06/56/ea9c785258da9f6da939abe8f961c8ce09a8177524a78f94932fbcb2c5d3/pygame-2.6.1-pp38-pypy38_pp73-macosx_10_9_x86_64.whl", hash = "sha256:b7f9f8e6f76de36f4725175d686601214af362a4f30614b4dae2240198e72e6f", size = 12789119 },
]

[[package]]
name = "pytest"
version = "8.3.3"
source = { registry = "https://pypi.org/simple" }
dependencies = [
    { name = "colorama", marker = "sys_platform == 'win32'" },
    { name = "exceptiongroup" },
    { name = "iniconfig" },
    { name = "packaging" },
    { name = "pluggy" },
    { name = "tomli" },
]
sdist = { url = "https://files.pythonhosted.org/packages/8b/6c/62bbd536103af674e227c41a8f3dcd022d591f6eed5facb5a0f31ee33bbc/pytest-8.3.3.tar.gz", hash = "sha256:70b98107bd648308a7952b06e6ca9a50bc660be218d53c257cc1fc94fda10181", size = 1442487 }
wheels = [
    { url = "https://files.pythonhosted.org/packages/6b/77/7440a06a8ead44c7757a64362dd22df5760f9b12dc5f11b6188cd2fc27a0/pytest-8.3.3-py3-none-any.whl", hash = "sha256:a6853c7375b2663155079443d2e45de913a911a11d669df02a50814944db57b2", size = 342341 },
]

[[package]]
name = "tomli"
version = "2.0.2"
source = { registry = "https://pypi.org/simple" }
sdist = { url = "https://files.pythonhosted.org/packages/35/b9/de2a5c0144d7d75a57ff355c0c24054f965b2dc3036456ae03a51ea6264b/tomli-2.0.2.tar.gz", hash = "sha256:d46d457a85337051c36524bc5349dd91b1877838e2979ac5ced3e710ed8a60ed", size = 16096 }
wheels = [
    { url = "https://files.pythonhosted.org/packages/cf/db/ce8eda256fa131af12e0a76d481711abe4681b6923c27efb9a255c9e4594/tomli-2.0.2-py3-none-any.whl", hash = "sha256:2ebe24485c53d303f690b0ec092806a085f07af5a5aa1464f3931eec36caaa38", size = 13237 },
]
